// !$*UTF8*$!
{
	archiveVersion = 1;
	classes = {
	};
	objectVersion = 46;
	objects = {

/* Begin PBXBuildFile section */
		8937521A1F4426AD00C2B76F /* main.m in Sources */ = {isa = PBXBuildFile; fileRef = 893752191F4426AD00C2B76F /* main.m */; };
		8937521D1F4426AD00C2B76F /* AppDelegate.m in Sources */ = {isa = PBXBuildFile; fileRef = 8937521C1F4426AD00C2B76F /* AppDelegate.m */; };
		893752231F4426AD00C2B76F /* Main.storyboard in Resources */ = {isa = PBXBuildFile; fileRef = 893752211F4426AD00C2B76F /* Main.storyboard */; };
		893752251F4426AD00C2B76F /* Assets.xcassets in Resources */ = {isa = PBXBuildFile; fileRef = 893752241F4426AD00C2B76F /* Assets.xcassets */; };
		893752281F4426AD00C2B76F /* LaunchScreen.storyboard in Resources */ = {isa = PBXBuildFile; fileRef = 893752261F4426AD00C2B76F /* LaunchScreen.storyboard */; };
		893752321F44279A00C2B76F /* ZJJHomeViewController.m in Sources */ = {isa = PBXBuildFile; fileRef = 893752311F44279A00C2B76F /* ZJJHomeViewController.m */; };
		893752351F4427A600C2B76F /* ZJJPersonalViewController.m in Sources */ = {isa = PBXBuildFile; fileRef = 893752341F4427A600C2B76F /* ZJJPersonalViewController.m */; };
		893752391F443BB000C2B76F /* ZJJCustomPickerView.m in Sources */ = {isa = PBXBuildFile; fileRef = 893752381F443BB000C2B76F /* ZJJCustomPickerView.m */; };
/* End PBXBuildFile section */

/* Begin PBXFileReference section */
		893752151F4426AD00C2B76F /* ZJJPickerViewAnimation.app */ = {isa = PBXFileReference; explicitFileType = wrapper.application; includeInIndex = 0; path = ZJJPickerViewAnimation.app; sourceTree = BUILT_PRODUCTS_DIR; };
		893752191F4426AD00C2B76F /* main.m */ = {isa = PBXFileReference; lastKnownFileType = sourcecode.c.objc; path = main.m; sourceTree = "<group>"; };
		8937521B1F4426AD00C2B76F /* AppDelegate.h */ = {isa = PBXFileReference; lastKnownFileType = sourcecode.c.h; path = AppDelegate.h; sourceTree = "<group>"; };
		8937521C1F4426AD00C2B76F /* AppDelegate.m */ = {isa = PBXFileReference; lastKnownFileType = sourcecode.c.objc; path = AppDelegate.m; sourceTree = "<group>"; };
		893752221F4426AD00C2B76F /* Base */ = {isa = PBXFileReference; lastKnownFileType = file.storyboard; name = Base; path = Base.lproj/Main.storyboard; sourceTree = "<group>"; };
		893752241F4426AD00C2B76F /* Assets.xcassets */ = {isa = PBXFileReference; lastKnownFileType = folder.assetcatalog; path = Assets.xcassets; sourceTree = "<group>"; };
		893752271F4426AD00C2B76F /* Base */ = {isa = PBXFileReference; lastKnownFileType = file.storyboard; name = Base; path = Base.lproj/LaunchScreen.storyboard; sourceTree = "<group>"; };
		893752291F4426AD00C2B76F /* Info.plist */ = {isa = PBXFileReference; lastKnownFileType = text.plist.xml; path = Info.plist; sourceTree = "<group>"; };
		893752301F44279A00C2B76F /* ZJJHomeViewController.h */ = {isa = PBXFileReference; fileEncoding = 4; lastKnownFileType = sourcecode.c.h; path = ZJJHomeViewController.h; sourceTree = "<group>"; };
		893752311F44279A00C2B76F /* ZJJHomeViewController.m */ = {isa = PBXFileReference; fileEncoding = 4; lastKnownFileType = sourcecode.c.objc; path = ZJJHomeViewController.m; sourceTree = "<group>"; };
		893752331F4427A600C2B76F /* ZJJPersonalViewController.h */ = {isa = PBXFileReference; fileEncoding = 4; lastKnownFileType = sourcecode.c.h; path = ZJJPersonalViewController.h; sourceTree = "<group>"; };
		893752341F4427A600C2B76F /* ZJJPersonalViewController.m */ = {isa = PBXFileReference; fileEncoding = 4; lastKnownFileType = sourcecode.c.objc; path = ZJJPersonalViewController.m; sourceTree = "<group>"; };
		893752371F443BB000C2B76F /* ZJJCustomPickerView.h */ = {isa = PBXFileReference; fileEncoding = 4; lastKnownFileType = sourcecode.c.h; path = ZJJCustomPickerView.h; sourceTree = "<group>"; };
		893752381F443BB000C2B76F /* ZJJCustomPickerView.m */ = {isa = PBXFileReference; fileEncoding = 4; lastKnownFileType = sourcecode.c.objc; path = ZJJCustomPickerView.m; sourceTree = "<group>"; };
/* End PBXFileReference section */

/* Begin PBXFrameworksBuildPhase section */
		893752121F4426AD00C2B76F /* Frameworks */ = {
			isa = PBXFrameworksBuildPhase;
			buildActionMask = 2147483647;
			files = (
			);
			runOnlyForDeploymentPostprocessing = 0;
		};
/* End PBXFrameworksBuildPhase section */

/* Begin PBXGroup section */
		8937520C1F4426AD00C2B76F = {
			isa = PBXGroup;
			children = (
				893752171F4426AD00C2B76F /* ZJJPickerViewAnimation */,
				893752161F4426AD00C2B76F /* Products */,
			);
			sourceTree = "<group>";
		};
		893752161F4426AD00C2B76F /* Products */ = {
			isa = PBXGroup;
			children = (
				893752151F4426AD00C2B76F /* ZJJPickerViewAnimation.app */,
			);
			name = Products;
			sourceTree = "<group>";
		};
		893752171F4426AD00C2B76F /* ZJJPickerViewAnimation */ = {
			isa = PBXGroup;
			children = (
				893752361F443B6600C2B76F /* View */,
				8937522F1F44278000C2B76F /* VC */,
				8937521B1F4426AD00C2B76F /* AppDelegate.h */,
				8937521C1F4426AD00C2B76F /* AppDelegate.m */,
				893752211F4426AD00C2B76F /* Main.storyboard */,
				893752241F4426AD00C2B76F /* Assets.xcassets */,
				893752261F4426AD00C2B76F /* LaunchScreen.storyboard */,
				893752291F4426AD00C2B76F /* Info.plist */,
				893752181F4426AD00C2B76F /* Supporting Files */,
			);
			path = ZJJPickerViewAnimation;
			sourceTree = "<group>";
		};
		893752181F4426AD00C2B76F /* Supporting Files */ = {
			isa = PBXGroup;
			children = (
				893752191F4426AD00C2B76F /* main.m */,
			);
			name = "Supporting Files";
			sourceTree = "<group>";
		};
		8937522F1F44278000C2B76F /* VC */ = {
			isa = PBXGroup;
			children = (
				893752301F44279A00C2B76F /* ZJJHomeViewController.h */,
				893752311F44279A00C2B76F /* ZJJHomeViewController.m */,
				893752331F4427A600C2B76F /* ZJJPersonalViewController.h */,
				893752341F4427A600C2B76F /* ZJJPersonalViewController.m */,
			);
			path = VC;
			sourceTree = "<group>";
		};
		893752361F443B6600C2B76F /* View */ = {
			isa = PBXGroup;
			children = (
				893752371F443BB000C2B76F /* ZJJCustomPickerView.h */,
				893752381F443BB000C2B76F /* ZJJCustomPickerView.m */,
			);
			path = View;
			sourceTree = "<group>";
		};
/* End PBXGroup section */

/* Begin PBXNativeTarget section */
		893752141F4426AD00C2B76F /* ZJJPickerViewAnimation */ = {
			isa = PBXNativeTarget;
			buildConfigurationList = 8937522C1F4426AD00C2B76F /* Build configuration list for PBXNativeTarget "ZJJPickerViewAnimation" */;
			buildPhases = (
				893752111F4426AD00C2B76F /* Sources */,
				893752121F4426AD00C2B76F /* Frameworks */,
				893752131F4426AD00C2B76F /* Resources */,
			);
			buildRules = (
			);
			dependencies = (
			);
			name = ZJJPickerViewAnimation;
			productName = ZJJPickerViewAnimation;
			productReference = 893752151F4426AD00C2B76F /* ZJJPickerViewAnimation.app */;
			productType = "com.apple.product-type.application";
		};
/* End PBXNativeTarget section */

/* Begin PBXProject section */
		8937520D1F4426AD00C2B76F /* Project object */ = {
			isa = PBXProject;
			attributes = {
				LastUpgradeCheck = 0830;
				ORGANIZATIONNAME = ZJJ;
				TargetAttributes = {
					893752141F4426AD00C2B76F = {
						CreatedOnToolsVersion = 8.3.3;
						DevelopmentTeam = B77E2S42YJ;
						ProvisioningStyle = Automatic;
					};
				};
			};
			buildConfigurationList = 893752101F4426AD00C2B76F /* Build configuration list for PBXProject "ZJJPickerViewAnimation" */;
			compatibilityVersion = "Xcode 3.2";
			developmentRegion = English;
			hasScannedForEncodings = 0;
			knownRegions = (
				en,
				Base,
			);
			mainGroup = 8937520C1F4426AD00C2B76F;
			productRefGroup = 893752161F4426AD00C2B76F /* Products */;
			projectDirPath = "";
			projectRoot = "";
			targets = (
				893752141F4426AD00C2B76F /* ZJJPickerViewAnimation */,
			);
		};
/* End PBXProject section */

/* Begin PBXResourcesBuildPhase section */
		893752131F4426AD00C2B76F /* Resources */ = {
			isa = PBXResourcesBuildPhase;
			buildActionMask = 2147483647;
			files = (
				893752281F4426AD00C2B76F /* LaunchScreen.storyboard in Resources */,
				893752251F4426AD00C2B76F /* Assets.xcassets in Resources */,
				893752231F4426AD00C2B76F /* Main.storyboard in Resources */,
			);
			runOnlyForDeploymentPostprocessing = 0;
		};
/* End PBXResourcesBuildPhase section */

/* Begin PBXSourcesBuildPhase section */
		893752111F4426AD00C2B76F /* Sources */ = {
			isa = PBXSourcesBuildPhase;
			buildActionMask = 2147483647;
			files = (
				893752321F44279A00C2B76F /* ZJJHomeViewController.m in Sources */,
				8937521D1F4426AD00C2B76F /* AppDelegate.m in Sources */,
				8937521A1F4426AD00C2B76F /* main.m in Sources */,
				893752351F4427A600C2B76F /* ZJJPersonalViewController.m in Sources */,
				893752391F443BB000C2B76F /* ZJJCustomPickerView.m in Sources */,
			);
			runOnlyForDeploymentPostprocessing = 0;
		};
/* End PBXSourcesBuildPhase section */

/* Begin PBXVariantGroup section */
		893752211F4426AD00C2B76F /* Main.storyboard */ = {
			isa = PBXVariantGroup;
			children = (
				893752221F4426AD00C2B76F /* Base */,
			);
			name = Main.storyboard;
			sourceTree = "<group>";
		};
		893752261F4426AD00C2B76F /* LaunchScreen.storyboard */ = {
			isa = PBXVariantGroup;
			children = (
				893752271F4426AD00C2B76F /* Base */,
			);
			name = LaunchScreen.storyboard;
			sourceTree = "<group>";
		};
/* End PBXVariantGroup section */

/* Begin XCBuildConfiguration section */
		8937522A1F4426AD00C2B76F /* Debug */ = {
			isa = XCBuildConfiguration;
			buildSettings = {
				ALWAYS_SEARCH_USER_PATHS = NO;
				CLANG_ANALYZER_NONNULL = YES;
				CLANG_ANALYZER_NUMBER_OBJECT_CONVERSION = YES_AGGRESSIVE;
				CLANG_CXX_LANGUAGE_STANDARD = "gnu++0x";
				CLANG_CXX_LIBRARY = "libc++";
				CLANG_ENABLE_MODULES = YES;
				CLANG_ENABLE_OBJC_ARC = YES;
				CLANG_WARN_BOOL_CONVERSION = YES;
				CLANG_WARN_CONSTANT_CONVERSION = YES;
				CLANG_WARN_DIRECT_OBJC_ISA_USAGE = YES_ERROR;
				CLANG_WARN_DOCUMENTATION_COMMENTS = YES;
				CLANG_WARN_EMPTY_BODY = YES;
				CLANG_WARN_ENUM_CONVERSION = YES;
				CLANG_WARN_INFINITE_RECURSION = YES;
				CLANG_WARN_INT_CONVERSION = YES;
				CLANG_WARN_OBJC_ROOT_CLASS = YES_ERROR;
				CLANG_WARN_SUSPICIOUS_MOVE = YES;
				CLANG_WARN_UNREACHABLE_CODE = YES;
				CLANG_WARN__DUPLICATE_METHOD_MATCH = YES;
				"CODE_SIGN_IDENTITY[sdk=iphoneos*]" = "iPhone Developer";
				COPY_PHASE_STRIP = NO;
				DEBUG_INFORMATION_FORMAT = dwarf;
				ENABLE_STRICT_OBJC_MSGSEND = YES;
				ENABLE_TESTABILITY = YES;
				GCC_C_LANGUAGE_STANDARD = gnu99;
				GCC_DYNAMIC_NO_PIC = NO;
				GCC_NO_COMMON_BLOCKS = YES;
				GCC_OPTIMIZATION_LEVEL = 0;
				GCC_PREPROCESSOR_DEFINITIONS = (
					"DEBUG=1",
					"$(inherited)",
				);
				GCC_WARN_64_TO_32_BIT_CONVERSION = YES;
				GCC_WARN_ABOUT_RETURN_TYPE = YES_ERROR;
				GCC_WARN_UNDECLARED_SELECTOR = YES;
				GCC_WARN_UNINITIALIZED_AUTOS = YES_AGGRESSIVE;
				GCC_WARN_UNUSED_FUNCTION = YES;
				GCC_WARN_UNUSED_VARIABLE = YES;
				IPHONEOS_DEPLOYMENT_TARGET = 10.3;
				MTL_ENABLE_DEBUG_INFO = YES;
				ONLY_ACTIVE_ARCH = YES;
				SDKROOT = iphoneos;
				TARGETED_DEVICE_FAMILY = "1,2";
			};
			name = Debug;
		};
		8937522B1F4426AD00C2B76F /* Release */ = {
			isa = XCBuildConfiguration;
			buildSettings = {
				ALWAYS_SEARCH_USER_PATHS = NO;
				CLANG_ANALYZER_NONNULL = YES;
				CLANG_ANALYZER_NUMBER_OBJECT_CONVERSION = YES_AGGRESSIVE;
				CLANG_CXX_LANGUAGE_STANDARD = "gnu++0x";
				CLANG_CXX_LIBRARY = "libc++";
				CLANG_ENABLE_MODULES = YES;
				CLANG_ENABLE_OBJC_ARC = YES;
				CLANG_WARN_BOOL_CONVERSION = YES;
				CLANG_WARN_CONSTANT_CONVERSION = YES;
				CLANG_WARN_DIRECT_OBJC_ISA_USAGE = YES_ERROR;
				CLANG_WARN_DOCUMENTATION_COMMENTS = YES;
				CLANG_WARN_EMPTY_BODY = YES;
				CLANG_WARN_ENUM_CONVERSION = YES;
				CLANG_WARN_INFINITE_RECURSION = YES;
				CLANG_WARN_INT_CONVERSION = YES;
				CLANG_WARN_OBJC_ROOT_CLASS = YES_ERROR;
				CLANG_WARN_SUSPICIOUS_MOVE = YES;
				CLANG_WARN_UNREACHABLE_CODE = YES;
				CLANG_WARN__DUPLICATE_METHOD_MATCH = YES;
				"CODE_SIGN_IDENTITY[sdk=iphoneos*]" = "iPhone Developer";
				COPY_PHASE_STRIP = NO;
				DEBUG_INFORMATION_FORMAT = "dwarf-with-dsym";
				ENABLE_NS_ASSERTIONS = NO;
				ENABLE_STRICT_OBJC_MSGSEND = YES;
				GCC_C_LANGUAGE_STANDARD = gnu99;
				GCC_NO_COMMON_BLOCKS = YES;
				GCC_WARN_64_TO_32_BIT_CONVERSION = YES;
				GCC_WARN_ABOUT_RETURN_TYPE = YES_ERROR;
				GCC_WARN_UNDECLARED_SELECTOR = YES;
				GCC_WARN_UNINITIALIZED_AUTOS = YES_AGGRESSIVE;
				GCC_WARN_UNUSED_FUNCTION = YES;
				GCC_WARN_UNUSED_VARIABLE = YES;
				IPHONEOS_DEPLOYMENT_TARGET = 10.3;
				MTL_ENABLE_DEBUG_INFO = NO;
				SDKROOT = iphoneos;
				TARGETED_DEVICE_FAMILY = "1,2";
				VALIDATE_PRODUCT = YES;
			};
			name = Release;
		};
		8937522D1F4426AD00C2B76F /* Debug */ = {
			isa = XCBuildConfiguration;
			buildSettings = {
				ASSETCATALOG_COMPILER_APPICON_NAME = AppIcon;
				DEVELOPMENT_TEAM = B77E2S42YJ;
				INFOPLIST_FILE = ZJJPickerViewAnimation/Info.plist;
				LD_RUNPATH_SEARCH_PATHS = "$(inherited) @executable_path/Frameworks";
				PRODUCT_BUNDLE_IDENTIFIER = cn.fengpu.ZJJPickerViewAnimation;
				PRODUCT_NAME = "$(TARGET_NAME)";
			};
			name = Debug;
		};
		8937522E1F4426AD00C2B76F /* Release */ = {
			isa = XCBuildConfiguration;
			buildSettings = {
				ASSETCATALOG_COMPILER_APPICON_NAME = AppIcon;
				DEVELOPMENT_TEAM = B77E2S42YJ;
				INFOPLIST_FILE = ZJJPickerViewAnimation/Info.plist;
				LD_RUNPATH_SEARCH_PATHS = "$(inherited) @executable_path/Frameworks";
				PRODUCT_BUNDLE_IDENTIFIER = cn.fengpu.ZJJPickerViewAnimation;
				PRODUCT_NAME = "$(TARGET_NAME)";
			};
			name = Release;
		};
/* End XCBuildConfiguration section */

/* Begin XCConfigurationList section */
		893752101F4426AD00C2B76F /* Build configuration list for PBXProject "ZJJPickerViewAnimation" */ = {
			isa = XCConfigurationList;
			buildConfigurations = (
				8937522A1F4426AD00C2B76F /* Debug */,
				8937522B1F4426AD00C2B76F /* Release */,
			);
			defaultConfigurationIsVisible = 0;
			defaultConfigurationName = Release;
		};
		8937522C1F4426AD00C2B76F /* Build configuration list for PBXNativeTarget "ZJJPickerViewAnimation" */ = {
			isa = XCConfigurationList;
			buildConfigurations = (
				8937522D1F4426AD00C2B76F /* Debug */,
				8937522E1F4426AD00C2B76F /* Release */,
			);
			defaultConfigurationIsVisible = 0;
		};
/* End XCConfigurationList section */
	};
	rootObject = 8937520D1F4426AD00C2B76F /* Project object */;
}
